
Microsoft Visual Studio Solution File, Format Version 12.00
# Visual Studio Version 16
VisualStudioVersion = 16.0.29613.14
MinimumVisualStudioVersion = 10.0.40219.1
Project("{9A19103F-16F7-4668-BE54-9A1E7A4F7556}") = "ADE.Apresentacao", "ADE.MVC\ADE.Apresentacao.csproj", "{21049CBA-695D-4AC2-8B97-03D2B9C9D017}"
	ProjectSection(ProjectDependencies) = postProject
		{56FC520D-E15C-440D-B6D7-29D3F61C1E67} = {56FC520D-E15C-440D-B6D7-29D3F61C1E67}
		{EB74C8F9-5407-491B-8FC7-FE0945BC0586} = {EB74C8F9-5407-491B-8FC7-FE0945BC0586}
	EndProjectSection
EndProject
Project("{9A19103F-16F7-4668-BE54-9A1E7A4F7556}") = "ADE.Dominio", "ADE.Dominio\ADE.Dominio.csproj", "{F4FB01FA-2CDC-44F6-9A4C-ACCDBE165ADF}"
EndProject
Project("{9A19103F-16F7-4668-BE54-9A1E7A4F7556}") = "ADE.Infra.Data", "ADE.Infra.Data\ADE.Infra.Data.csproj", "{EB74C8F9-5407-491B-8FC7-FE0945BC0586}"
	ProjectSection(ProjectDependencies) = postProject
		{F4FB01FA-2CDC-44F6-9A4C-ACCDBE165ADF} = {F4FB01FA-2CDC-44F6-9A4C-ACCDBE165ADF}
	EndProjectSection
EndProject
Project("{9A19103F-16F7-4668-BE54-9A1E7A4F7556}") = "ADE.Aplicacao", "Aplicacao\ADE.Aplicacao.csproj", "{56FC520D-E15C-440D-B6D7-29D3F61C1E67}"
	ProjectSection(ProjectDependencies) = postProject
		{EB74C8F9-5407-491B-8FC7-FE0945BC0586} = {EB74C8F9-5407-491B-8FC7-FE0945BC0586}
	EndProjectSection
EndProject
Project("{2150E333-8FDC-42A3-9474-1A3956D46DE8}") = "Aplicacao", "Aplicacao", "{D4EC34E4-97E7-4EE7-9B4F-C9A21E6FA691}"
EndProject
Project("{2150E333-8FDC-42A3-9474-1A3956D46DE8}") = "Apresentacao", "Apresentacao", "{29B1377A-7C57-4E10-B8AB-E2BDE35A0150}"
EndProject
Project("{2150E333-8FDC-42A3-9474-1A3956D46DE8}") = "Dominio", "Dominio", "{54C92B16-E2BA-4E7D-ABF5-9FFBB36BBCA9}"
EndProject
Project("{2150E333-8FDC-42A3-9474-1A3956D46DE8}") = "Infraestrutura", "Infraestrutura", "{800BBF0C-4EA0-4342-94AC-F1D223E8FA2C}"
EndProject
Project("{2150E333-8FDC-42A3-9474-1A3956D46DE8}") = "Testes", "Testes", "{DF1BDEF8-DD1F-474E-AAA2-E30899F822E6}"
EndProject
Project("{9A19103F-16F7-4668-BE54-9A1E7A4F7556}") = "ADE.Testes", "ADE.Testes\ADE.Testes\ADE.Testes.csproj", "{259C121E-7A75-4D5B-B51E-A5B0D87B8B88}"
EndProject
Project("{9A19103F-16F7-4668-BE54-9A1E7A4F7556}") = "ADE.Utilidades", "Utilidades\ADE.Utilidades.csproj", "{D3D085C4-4566-4AFE-A150-019F8148C0D6}"
EndProject
Project("{2150E333-8FDC-42A3-9474-1A3956D46DE8}") = "Utilidades", "Utilidades", "{06CA5840-1B4D-4686-83A3-DCD64050FA48}"
EndProject
Project("{9A19103F-16F7-4668-BE54-9A1E7A4F7556}") = "ADE.GeradorArquivo", "MontadorDocumentos\ADE.GeradorArquivo.csproj", "{7D8324A0-587A-4830-8850-0A7F82AB73E0}"
EndProject
Global
	GlobalSection(SolutionConfigurationPlatforms) = preSolution
		Debug|Any CPU = Debug|Any CPU
		Release|Any CPU = Release|Any CPU
	EndGlobalSection
	GlobalSection(ProjectConfigurationPlatforms) = postSolution
		{21049CBA-695D-4AC2-8B97-03D2B9C9D017}.Debug|Any CPU.ActiveCfg = Debug|Any CPU
		{21049CBA-695D-4AC2-8B97-03D2B9C9D017}.Debug|Any CPU.Build.0 = Debug|Any CPU
		{21049CBA-695D-4AC2-8B97-03D2B9C9D017}.Release|Any CPU.ActiveCfg = Release|Any CPU
		{21049CBA-695D-4AC2-8B97-03D2B9C9D017}.Release|Any CPU.Build.0 = Release|Any CPU
		{F4FB01FA-2CDC-44F6-9A4C-ACCDBE165ADF}.Debug|Any CPU.ActiveCfg = Debug|Any CPU
		{F4FB01FA-2CDC-44F6-9A4C-ACCDBE165ADF}.Debug|Any CPU.Build.0 = Debug|Any CPU
		{F4FB01FA-2CDC-44F6-9A4C-ACCDBE165ADF}.Release|Any CPU.ActiveCfg = Release|Any CPU
		{F4FB01FA-2CDC-44F6-9A4C-ACCDBE165ADF}.Release|Any CPU.Build.0 = Release|Any CPU
		{EB74C8F9-5407-491B-8FC7-FE0945BC0586}.Debug|Any CPU.ActiveCfg = Debug|Any CPU
		{EB74C8F9-5407-491B-8FC7-FE0945BC0586}.Debug|Any CPU.Build.0 = Debug|Any CPU
		{EB74C8F9-5407-491B-8FC7-FE0945BC0586}.Release|Any CPU.ActiveCfg = Release|Any CPU
		{EB74C8F9-5407-491B-8FC7-FE0945BC0586}.Release|Any CPU.Build.0 = Release|Any CPU
		{56FC520D-E15C-440D-B6D7-29D3F61C1E67}.Debug|Any CPU.ActiveCfg = Debug|Any CPU
		{56FC520D-E15C-440D-B6D7-29D3F61C1E67}.Debug|Any CPU.Build.0 = Debug|Any CPU
		{56FC520D-E15C-440D-B6D7-29D3F61C1E67}.Release|Any CPU.ActiveCfg = Release|Any CPU
		{56FC520D-E15C-440D-B6D7-29D3F61C1E67}.Release|Any CPU.Build.0 = Release|Any CPU
		{259C121E-7A75-4D5B-B51E-A5B0D87B8B88}.Debug|Any CPU.ActiveCfg = Debug|Any CPU
		{259C121E-7A75-4D5B-B51E-A5B0D87B8B88}.Debug|Any CPU.Build.0 = Debug|Any CPU
		{259C121E-7A75-4D5B-B51E-A5B0D87B8B88}.Release|Any CPU.ActiveCfg = Release|Any CPU
		{259C121E-7A75-4D5B-B51E-A5B0D87B8B88}.Release|Any CPU.Build.0 = Release|Any CPU
		{D3D085C4-4566-4AFE-A150-019F8148C0D6}.Debug|Any CPU.ActiveCfg = Debug|Any CPU
		{D3D085C4-4566-4AFE-A150-019F8148C0D6}.Debug|Any CPU.Build.0 = Debug|Any CPU
		{D3D085C4-4566-4AFE-A150-019F8148C0D6}.Release|Any CPU.ActiveCfg = Release|Any CPU
		{D3D085C4-4566-4AFE-A150-019F8148C0D6}.Release|Any CPU.Build.0 = Release|Any CPU
		{7D8324A0-587A-4830-8850-0A7F82AB73E0}.Debug|Any CPU.ActiveCfg = Debug|Any CPU
		{7D8324A0-587A-4830-8850-0A7F82AB73E0}.Debug|Any CPU.Build.0 = Debug|Any CPU
		{7D8324A0-587A-4830-8850-0A7F82AB73E0}.Release|Any CPU.ActiveCfg = Release|Any CPU
		{7D8324A0-587A-4830-8850-0A7F82AB73E0}.Release|Any CPU.Build.0 = Release|Any CPU
	EndGlobalSection
	GlobalSection(SolutionProperties) = preSolution
		HideSolutionNode = FALSE
	EndGlobalSection
	GlobalSection(NestedProjects) = preSolution
		{21049CBA-695D-4AC2-8B97-03D2B9C9D017} = {29B1377A-7C57-4E10-B8AB-E2BDE35A0150}
		{F4FB01FA-2CDC-44F6-9A4C-ACCDBE165ADF} = {54C92B16-E2BA-4E7D-ABF5-9FFBB36BBCA9}
		{EB74C8F9-5407-491B-8FC7-FE0945BC0586} = {800BBF0C-4EA0-4342-94AC-F1D223E8FA2C}
		{56FC520D-E15C-440D-B6D7-29D3F61C1E67} = {D4EC34E4-97E7-4EE7-9B4F-C9A21E6FA691}
		{259C121E-7A75-4D5B-B51E-A5B0D87B8B88} = {DF1BDEF8-DD1F-474E-AAA2-E30899F822E6}
		{D3D085C4-4566-4AFE-A150-019F8148C0D6} = {06CA5840-1B4D-4686-83A3-DCD64050FA48}
		{7D8324A0-587A-4830-8850-0A7F82AB73E0} = {D4EC34E4-97E7-4EE7-9B4F-C9A21E6FA691}
	EndGlobalSection
	GlobalSection(ExtensibilityGlobals) = postSolution
		SolutionGuid = {C4E8434A-4F4D-42D8-8000-5B6B77699B47}
	EndGlobalSection
EndGlobal
